
Microsoft Visual Studio Solution File, Format Version 12.00
# Visual Studio Version 17
VisualStudioVersion = 17.8.34525.116
MinimumVisualStudioVersion = 10.0.40219.1
Project("{FAE04EC0-301F-11D3-BF4B-00C04F79EFBC}") = "Calculate final GPA", "Calculate final GPA.csproj", "{B7D23B5C-C7B8-41AE-8381-3E70916C6E11}"
EndProject
Global
	GlobalSection(SolutionConfigurationPlatforms) = preSolution
		Debug|Any CPU = Debug|Any CPU
		Release|Any CPU = Release|Any CPU
	EndGlobalSection
	GlobalSection(ProjectConfigurationPlatforms) = postSolution
		{B7D23B5C-C7B8-41AE-8381-3E70916C6E11}.Debug|Any CPU.ActiveCfg = Debug|Any CPU
		{B7D23B5C-C7B8-41AE-8381-3E70916C6E11}.Debug|Any CPU.Build.0 = Debug|Any CPU
		{B7D23B5C-C7B8-41AE-8381-3E70916C6E11}.Release|Any CPU.ActiveCfg = Release|Any CPU
		{B7D23B5C-C7B8-41AE-8381-3E70916C6E11}.Release|Any CPU.Build.0 = Release|Any CPU
	EndGlobalSection
	GlobalSection(SolutionProperties) = preSolution
		HideSolutionNode = FALSE
	EndGlobalSection
	GlobalSection(ExtensibilityGlobals) = postSolution
		SolutionGuid = {8030315B-0D76-48BA-A204-A1648D59F601}
	EndGlobalSection
EndGlobal
